
Microsoft Visual Studio Solution File, Format Version 12.00
# Visual Studio Version 17
VisualStudioVersion = 17.11.35208.52
MinimumVisualStudioVersion = 10.0.40219.1
Project("{FAE04EC0-301F-11D3-BF4B-00C04F79EFBC}") = "PriceComparison", "PriceComparison\PriceComparison.csproj", "{AFD2000F-E562-468A-B3C1-8DCB0A3E7DE6}"
EndProject
Global
	GlobalSection(SolutionConfigurationPlatforms) = preSolution
		Debug|Any CPU = Debug|Any CPU
		Release|Any CPU = Release|Any CPU
	EndGlobalSection
	GlobalSection(ProjectConfigurationPlatforms) = postSolution
		{AFD2000F-E562-468A-B3C1-8DCB0A3E7DE6}.Debug|Any CPU.ActiveCfg = Debug|Any CPU
		{AFD2000F-E562-468A-B3C1-8DCB0A3E7DE6}.Debug|Any CPU.Build.0 = Debug|Any CPU
		{AFD2000F-E562-468A-B3C1-8DCB0A3E7DE6}.Release|Any CPU.ActiveCfg = Release|Any CPU
		{AFD2000F-E562-468A-B3C1-8DCB0A3E7DE6}.Release|Any CPU.Build.0 = Release|Any CPU
	EndGlobalSection
	GlobalSection(SolutionProperties) = preSolution
		HideSolutionNode = FALSE
	EndGlobalSection
	GlobalSection(ExtensibilityGlobals) = postSolution
		SolutionGuid = {53353EED-CC58-4AF7-A06C-BCA6F917C4AC}
	EndGlobalSection
EndGlobal
